PODS:
  - AFNetworking-No-UIKit (3.2.1):
    - AFNetworking-No-UIKit/NSURLSession (= 3.2.1)
    - AFNetworking-No-UIKit/Reachability (= 3.2.1)
    - AFNetworking-No-UIKit/Security (= 3.2.1)
    - AFNetworking-No-UIKit/Serialization (= 3.2.1)
  - AFNetworking-No-UIKit/NSURLSession (3.2.1):
    - AFNetworking-No-UIKit/Reachability
    - AFNetworking-No-UIKit/Security
    - AFNetworking-No-UIKit/Serialization
  - AFNetworking-No-UIKit/Reachability (3.2.1)
  - AFNetworking-No-UIKit/Security (3.2.1)
  - AFNetworking-No-UIKit/Serialization (3.2.1)
  - Flutter (1.0.0)
  - ime_pay (0.0.1):
    - Flutter
    - IMEPay
  - IMEPay (1.2.2):
    - AFNetworking-No-UIKit (~> 3.2.1)
    - SVProgressHUD (~> 2.1.2)
  - SVProgressHUD (2.1.2)

DEPENDENCIES:
  - Flutter (from `Flutter`)
  - ime_pay (from `.symlinks/plugins/ime_pay/ios`)

SPEC REPOS:
  trunk:
    - AFNetworking-No-UIKit
    - IMEPay
    - SVProgressHUD

EXTERNAL SOURCES:
  Flutter:
    :path: Flutter
  ime_pay:
    :path: ".symlinks/plugins/ime_pay/ios"

SPEC CHECKSUMS:
  AFNetworking-No-UIKit: b0107a759674abb21253b46e18f4e462b2370fb7
  Flutter: 434fef37c0980e73bb6479ef766c45957d4b510c
  ime_pay: fb4a10ce5ec39cd3418186179c4e74f6c3662282
  IMEPay: 2890da7c33d663d80acbbbfc14b9ac09437c234c
  SVProgressHUD: c404a55d78acbeb7ebb78b76d3faf986475a6994

PODFILE CHECKSUM: a75497545d4391e2d394c3668e20cfb1c2bbd4aa

COCOAPODS: 1.10.1
